
Microsoft Visual Studio Solution File, Format Version 12.00
# Visual Studio Version 16
VisualStudioVersion = 16.0.31702.278
MinimumVisualStudioVersion = 10.0.40219.1
Project("{FAE04EC0-301F-11D3-BF4B-00C04F79EFBC}") = "Configurnator", "Configurnator\Configurnator.csproj", "{7EAFF8DE-DB89-42CC-8005-B0E3295DB002}"
EndProject
Global
	GlobalSection(SolutionConfigurationPlatforms) = preSolution
		Debug|Any CPU = Debug|Any CPU
		Release|Any CPU = Release|Any CPU
	EndGlobalSection
	GlobalSection(ProjectConfigurationPlatforms) = postSolution
		{7EAFF8DE-DB89-42CC-8005-B0E3295DB002}.Debug|Any CPU.ActiveCfg = Debug|Any CPU
		{7EAFF8DE-DB89-42CC-8005-B0E3295DB002}.Debug|Any CPU.Build.0 = Debug|Any CPU
		{7EAFF8DE-DB89-42CC-8005-B0E3295DB002}.Release|Any CPU.ActiveCfg = Release|Any CPU
		{7EAFF8DE-DB89-42CC-8005-B0E3295DB002}.Release|Any CPU.Build.0 = Release|Any CPU
	EndGlobalSection
	GlobalSection(SolutionProperties) = preSolution
		HideSolutionNode = FALSE
	EndGlobalSection
	GlobalSection(ExtensibilityGlobals) = postSolution
		SolutionGuid = {A4856F2E-17C0-4A39-85D1-9A68D0D2CC0B}
	EndGlobalSection
EndGlobal
